// !$*UTF8*$!
{
	archiveVersion = 1;
	classes = {
	};
	objectVersion = 56;
	objects = {

/* Begin PBXBuildFile section */
		5DD850B4290925D800BA1DF8 /* E_comerceAppApp.swift in Sources */ = {isa = PBXBuildFile; fileRef = 5DD850B3290925D800BA1DF8 /* E_comerceAppApp.swift */; };
		5DD850B6290925D800BA1DF8 /* ContentView.swift in Sources */ = {isa = PBXBuildFile; fileRef = 5DD850B5290925D800BA1DF8 /* ContentView.swift */; };
		5DD850B8290925D900BA1DF8 /* Assets.xcassets in Resources */ = {isa = PBXBuildFile; fileRef = 5DD850B7290925D900BA1DF8 /* Assets.xcassets */; };
		5DD850BB290925D900BA1DF8 /* Preview Assets.xcassets in Resources */ = {isa = PBXBuildFile; fileRef = 5DD850BA290925D900BA1DF8 /* Preview Assets.xcassets */; };
		5DD850C7290927BF00BA1DF8 /* FooterView.swift in Sources */ = {isa = PBXBuildFile; fileRef = 5DD850C6290927BF00BA1DF8 /* FooterView.swift */; };
		5DD850C929092B7800BA1DF8 /* NavigationBarView.swift in Sources */ = {isa = PBXBuildFile; fileRef = 5DD850C829092B7800BA1DF8 /* NavigationBarView.swift */; };
		5DD850CB29094C5600BA1DF8 /* FeatureditemView.swift in Sources */ = {isa = PBXBuildFile; fileRef = 5DD850CA29094C5600BA1DF8 /* FeatureditemView.swift */; };
		5DD850CD29094D0200BA1DF8 /* FeaturedTabView.swift in Sources */ = {isa = PBXBuildFile; fileRef = 5DD850CC29094D0200BA1DF8 /* FeaturedTabView.swift */; };
		5DD850CF2909A06800BA1DF8 /* CategoryModel.swift in Sources */ = {isa = PBXBuildFile; fileRef = 5DD850CE2909A06800BA1DF8 /* CategoryModel.swift */; };
		5DD850D12909A16A00BA1DF8 /* CategoryitemView.swift in Sources */ = {isa = PBXBuildFile; fileRef = 5DD850D02909A16A00BA1DF8 /* CategoryitemView.swift */; };
		5DD850D32909A77000BA1DF8 /* CategoryGridView.swift in Sources */ = {isa = PBXBuildFile; fileRef = 5DD850D22909A77000BA1DF8 /* CategoryGridView.swift */; };
		5DD850D52909B36D00BA1DF8 /* TitleView.swift in Sources */ = {isa = PBXBuildFile; fileRef = 5DD850D42909B36D00BA1DF8 /* TitleView.swift */; };
		5DD850D72909B4C300BA1DF8 /* Productmodel.swift in Sources */ = {isa = PBXBuildFile; fileRef = 5DD850D62909B4C300BA1DF8 /* Productmodel.swift */; };
		5DD850D92909B62300BA1DF8 /* ProductitemView.swift in Sources */ = {isa = PBXBuildFile; fileRef = 5DD850D82909B62300BA1DF8 /* ProductitemView.swift */; };
/* End PBXBuildFile section */

/* Begin PBXFileReference section */
		5DD850B0290925D800BA1DF8 /* E-comerceApp.app */ = {isa = PBXFileReference; explicitFileType = wrapper.application; includeInIndex = 0; path = "E-comerceApp.app"; sourceTree = BUILT_PRODUCTS_DIR; };
		5DD850B3290925D800BA1DF8 /* E_comerceAppApp.swift */ = {isa = PBXFileReference; lastKnownFileType = sourcecode.swift; path = E_comerceAppApp.swift; sourceTree = "<group>"; };
		5DD850B5290925D800BA1DF8 /* ContentView.swift */ = {isa = PBXFileReference; lastKnownFileType = sourcecode.swift; path = ContentView.swift; sourceTree = "<group>"; };
		5DD850B7290925D900BA1DF8 /* Assets.xcassets */ = {isa = PBXFileReference; lastKnownFileType = folder.assetcatalog; path = Assets.xcassets; sourceTree = "<group>"; };
		5DD850BA290925D900BA1DF8 /* Preview Assets.xcassets */ = {isa = PBXFileReference; lastKnownFileType = folder.assetcatalog; path = "Preview Assets.xcassets"; sourceTree = "<group>"; };
		5DD850C6290927BF00BA1DF8 /* FooterView.swift */ = {isa = PBXFileReference; lastKnownFileType = sourcecode.swift; path = FooterView.swift; sourceTree = "<group>"; };
		5DD850C829092B7800BA1DF8 /* NavigationBarView.swift */ = {isa = PBXFileReference; lastKnownFileType = sourcecode.swift; path = NavigationBarView.swift; sourceTree = "<group>"; };
		5DD850CA29094C5600BA1DF8 /* FeatureditemView.swift */ = {isa = PBXFileReference; lastKnownFileType = sourcecode.swift; path = FeatureditemView.swift; sourceTree = "<group>"; };
		5DD850CC29094D0200BA1DF8 /* FeaturedTabView.swift */ = {isa = PBXFileReference; lastKnownFileType = sourcecode.swift; path = FeaturedTabView.swift; sourceTree = "<group>"; };
		5DD850CE2909A06800BA1DF8 /* CategoryModel.swift */ = {isa = PBXFileReference; lastKnownFileType = sourcecode.swift; path = CategoryModel.swift; sourceTree = "<group>"; };
		5DD850D02909A16A00BA1DF8 /* CategoryitemView.swift */ = {isa = PBXFileReference; lastKnownFileType = sourcecode.swift; path = CategoryitemView.swift; sourceTree = "<group>"; };
		5DD850D22909A77000BA1DF8 /* CategoryGridView.swift */ = {isa = PBXFileReference; lastKnownFileType = sourcecode.swift; path = CategoryGridView.swift; sourceTree = "<group>"; };
		5DD850D42909B36D00BA1DF8 /* TitleView.swift */ = {isa = PBXFileReference; lastKnownFileType = sourcecode.swift; path = TitleView.swift; sourceTree = "<group>"; };
		5DD850D62909B4C300BA1DF8 /* Productmodel.swift */ = {isa = PBXFileReference; lastKnownFileType = sourcecode.swift; path = Productmodel.swift; sourceTree = "<group>"; };
		5DD850D82909B62300BA1DF8 /* ProductitemView.swift */ = {isa = PBXFileReference; lastKnownFileType = sourcecode.swift; path = ProductitemView.swift; sourceTree = "<group>"; };
/* End PBXFileReference section */

/* Begin PBXFrameworksBuildPhase section */
		5DD850AD290925D800BA1DF8 /* Frameworks */ = {
			isa = PBXFrameworksBuildPhase;
			buildActionMask = 2147483647;
			files = (
			);
			runOnlyForDeploymentPostprocessing = 0;
		};
/* End PBXFrameworksBuildPhase section */

/* Begin PBXGroup section */
		5DD850A7290925D800BA1DF8 = {
			isa = PBXGroup;
			children = (
				5DD850B2290925D800BA1DF8 /* E-comerceApp */,
				5DD850B1290925D800BA1DF8 /* Products */,
			);
			sourceTree = "<group>";
		};
		5DD850B1290925D800BA1DF8 /* Products */ = {
			isa = PBXGroup;
			children = (
				5DD850B0290925D800BA1DF8 /* E-comerceApp.app */,
			);
			name = Products;
			sourceTree = "<group>";
		};
		5DD850B2290925D800BA1DF8 /* E-comerceApp */ = {
			isa = PBXGroup;
			children = (
				5DD850C22909274100BA1DF8 /* View */,
				5DD850C12909271C00BA1DF8 /* App */,
				5DD850C52909277100BA1DF8 /* Model */,
				5DD850B7290925D900BA1DF8 /* Assets.xcassets */,
				5DD850B9290925D900BA1DF8 /* Preview Content */,
			);
			path = "E-comerceApp";
			sourceTree = "<group>";
		};
		5DD850B9290925D900BA1DF8 /* Preview Content */ = {
			isa = PBXGroup;
			children = (
				5DD850BA290925D900BA1DF8 /* Preview Assets.xcassets */,
			);
			path = "Preview Content";
			sourceTree = "<group>";
		};
		5DD850C12909271C00BA1DF8 /* App */ = {
			isa = PBXGroup;
			children = (
				5DD850B3290925D800BA1DF8 /* E_comerceAppApp.swift */,
				5DD850B5290925D800BA1DF8 /* ContentView.swift */,
			);
			path = App;
			sourceTree = "<group>";
		};
		5DD850C22909274100BA1DF8 /* View */ = {
			isa = PBXGroup;
			children = (
				5DD850C42909275300BA1DF8 /* Detail */,
				5DD850C32909274B00BA1DF8 /* Home */,
			);
			path = View;
			sourceTree = "<group>";
		};
		5DD850C32909274B00BA1DF8 /* Home */ = {
			isa = PBXGroup;
			children = (
				5DD850C6290927BF00BA1DF8 /* FooterView.swift */,
				5DD850C829092B7800BA1DF8 /* NavigationBarView.swift */,
				5DD850CA29094C5600BA1DF8 /* FeatureditemView.swift */,
				5DD850CC29094D0200BA1DF8 /* FeaturedTabView.swift */,
				5DD850D02909A16A00BA1DF8 /* CategoryitemView.swift */,
				5DD850D22909A77000BA1DF8 /* CategoryGridView.swift */,
				5DD850D42909B36D00BA1DF8 /* TitleView.swift */,
				5DD850D82909B62300BA1DF8 /* ProductitemView.swift */,
			);
			path = Home;
			sourceTree = "<group>";
		};
		5DD850C42909275300BA1DF8 /* Detail */ = {
			isa = PBXGroup;
			children = (
			);
			path = Detail;
			sourceTree = "<group>";
		};
		5DD850C52909277100BA1DF8 /* Model */ = {
			isa = PBXGroup;
			children = (
				5DD850CE2909A06800BA1DF8 /* CategoryModel.swift */,
				5DD850D62909B4C300BA1DF8 /* Productmodel.swift */,
			);
			path = Model;
			sourceTree = "<group>";
		};
/* End PBXGroup section */

/* Begin PBXNativeTarget section */
		5DD850AF290925D800BA1DF8 /* E-comerceApp */ = {
			isa = PBXNativeTarget;
			buildConfigurationList = 5DD850BE290925D900BA1DF8 /* Build configuration list for PBXNativeTarget "E-comerceApp" */;
			buildPhases = (
				5DD850AC290925D800BA1DF8 /* Sources */,
				5DD850AD290925D800BA1DF8 /* Frameworks */,
				5DD850AE290925D800BA1DF8 /* Resources */,
			);
			buildRules = (
			);
			dependencies = (
			);
			name = "E-comerceApp";
			productName = "E-comerceApp";
			productReference = 5DD850B0290925D800BA1DF8 /* E-comerceApp.app */;
			productType = "com.apple.product-type.application";
		};
/* End PBXNativeTarget section */

/* Begin PBXProject section */
		5DD850A8290925D800BA1DF8 /* Project object */ = {
			isa = PBXProject;
			attributes = {
				BuildIndependentTargetsInParallel = 1;
				LastSwiftUpdateCheck = 1400;
				LastUpgradeCheck = 1400;
				TargetAttributes = {
					5DD850AF290925D800BA1DF8 = {
						CreatedOnToolsVersion = 14.0.1;
					};
				};
			};
			buildConfigurationList = 5DD850AB290925D800BA1DF8 /* Build configuration list for PBXProject "E-comerceApp" */;
			compatibilityVersion = "Xcode 14.0";
			developmentRegion = en;
			hasScannedForEncodings = 0;
			knownRegions = (
				en,
				Base,
			);
			mainGroup = 5DD850A7290925D800BA1DF8;
			productRefGroup = 5DD850B1290925D800BA1DF8 /* Products */;
			projectDirPath = "";
			projectRoot = "";
			targets = (
				5DD850AF290925D800BA1DF8 /* E-comerceApp */,
			);
		};
/* End PBXProject section */

/* Begin PBXResourcesBuildPhase section */
		5DD850AE290925D800BA1DF8 /* Resources */ = {
			isa = PBXResourcesBuildPhase;
			buildActionMask = 2147483647;
			files = (
				5DD850BB290925D900BA1DF8 /* Preview Assets.xcassets in Resources */,
				5DD850B8290925D900BA1DF8 /* Assets.xcassets in Resources */,
			);
			runOnlyForDeploymentPostprocessing = 0;
		};
/* End PBXResourcesBuildPhase section */

/* Begin PBXSourcesBuildPhase section */
		5DD850AC290925D800BA1DF8 /* Sources */ = {
			isa = PBXSourcesBuildPhase;
			buildActionMask = 2147483647;
			files = (
				5DD850CD29094D0200BA1DF8 /* FeaturedTabView.swift in Sources */,
				5DD850D12909A16A00BA1DF8 /* CategoryitemView.swift in Sources */,
				5DD850C7290927BF00BA1DF8 /* FooterView.swift in Sources */,
				5DD850D92909B62300BA1DF8 /* ProductitemView.swift in Sources */,
				5DD850B6290925D800BA1DF8 /* ContentView.swift in Sources */,
				5DD850C929092B7800BA1DF8 /* NavigationBarView.swift in Sources */,
				5DD850D72909B4C300BA1DF8 /* Productmodel.swift in Sources */,
				5DD850CF2909A06800BA1DF8 /* CategoryModel.swift in Sources */,
				5DD850D32909A77000BA1DF8 /* CategoryGridView.swift in Sources */,
				5DD850CB29094C5600BA1DF8 /* FeatureditemView.swift in Sources */,
				5DD850B4290925D800BA1DF8 /* E_comerceAppApp.swift in Sources */,
				5DD850D52909B36D00BA1DF8 /* TitleView.swift in Sources */,
			);
			runOnlyForDeploymentPostprocessing = 0;
		};
/* End PBXSourcesBuildPhase section */

/* Begin XCBuildConfiguration section */
		5DD850BC290925D900BA1DF8 /* Debug */ = {
			isa = XCBuildConfiguration;
			buildSettings = {
				ALWAYS_SEARCH_USER_PATHS = NO;
				CLANG_ANALYZER_NONNULL = YES;
				CLANG_ANALYZER_NUMBER_OBJECT_CONVERSION = YES_AGGRESSIVE;
				CLANG_CXX_LANGUAGE_STANDARD = "gnu++20";
				CLANG_ENABLE_MODULES = YES;
				CLANG_ENABLE_OBJC_ARC = YES;
				CLANG_ENABLE_OBJC_WEAK = YES;
				CLANG_WARN_BLOCK_CAPTURE_AUTORELEASING = YES;
				CLANG_WARN_BOOL_CONVERSION = YES;
				CLANG_WARN_COMMA = YES;
				CLANG_WARN_CONSTANT_CONVERSION = YES;
				CLANG_WARN_DEPRECATED_OBJC_IMPLEMENTATIONS = YES;
				CLANG_WARN_DIRECT_OBJC_ISA_USAGE = YES_ERROR;
				CLANG_WARN_DOCUMENTATION_COMMENTS = YES;
				CLANG_WARN_EMPTY_BODY = YES;
				CLANG_WARN_ENUM_CONVERSION = YES;
				CLANG_WARN_INFINITE_RECURSION = YES;
				CLANG_WARN_INT_CONVERSION = YES;
				CLANG_WARN_NON_LITERAL_NULL_CONVERSION = YES;
				CLANG_WARN_OBJC_IMPLICIT_RETAIN_SELF = YES;
				CLANG_WARN_OBJC_LITERAL_CONVERSION = YES;
				CLANG_WARN_OBJC_ROOT_CLASS = YES_ERROR;
				CLANG_WARN_QUOTED_INCLUDE_IN_FRAMEWORK_HEADER = YES;
				CLANG_WARN_RANGE_LOOP_ANALYSIS = YES;
				CLANG_WARN_STRICT_PROTOTYPES = YES;
				CLANG_WARN_SUSPICIOUS_MOVE = YES;
				CLANG_WARN_UNGUARDED_AVAILABILITY = YES_AGGRESSIVE;
				CLANG_WARN_UNREACHABLE_CODE = YES;
				CLANG_WARN__DUPLICATE_METHOD_MATCH = YES;
				COPY_PHASE_STRIP = NO;
				DEBUG_INFORMATION_FORMAT = dwarf;
				ENABLE_STRICT_OBJC_MSGSEND = YES;
				ENABLE_TESTABILITY = YES;
				GCC_C_LANGUAGE_STANDARD = gnu11;
				GCC_DYNAMIC_NO_PIC = NO;
				GCC_NO_COMMON_BLOCKS = YES;
				GCC_OPTIMIZATION_LEVEL = 0;
				GCC_PREPROCESSOR_DEFINITIONS = (
					"DEBUG=1",
					"$(inherited)",
				);
				GCC_WARN_64_TO_32_BIT_CONVERSION = YES;
				GCC_WARN_ABOUT_RETURN_TYPE = YES_ERROR;
				GCC_WARN_UNDECLARED_SELECTOR = YES;
				GCC_WARN_UNINITIALIZED_AUTOS = YES_AGGRESSIVE;
				GCC_WARN_UNUSED_FUNCTION = YES;
				GCC_WARN_UNUSED_VARIABLE = YES;
				IPHONEOS_DEPLOYMENT_TARGET = 16.0;
				MTL_ENABLE_DEBUG_INFO = INCLUDE_SOURCE;
				MTL_FAST_MATH = YES;
				ONLY_ACTIVE_ARCH = YES;
				SDKROOT = iphoneos;
				SWIFT_ACTIVE_COMPILATION_CONDITIONS = DEBUG;
				SWIFT_OPTIMIZATION_LEVEL = "-Onone";
			};
			name = Debug;
		};
		5DD850BD290925D900BA1DF8 /* Release */ = {
			isa = XCBuildConfiguration;
			buildSettings = {
				ALWAYS_SEARCH_USER_PATHS = NO;
				CLANG_ANALYZER_NONNULL = YES;
				CLANG_ANALYZER_NUMBER_OBJECT_CONVERSION = YES_AGGRESSIVE;
				CLANG_CXX_LANGUAGE_STANDARD = "gnu++20";
				CLANG_ENABLE_MODULES = YES;
				CLANG_ENABLE_OBJC_ARC = YES;
				CLANG_ENABLE_OBJC_WEAK = YES;
				CLANG_WARN_BLOCK_CAPTURE_AUTORELEASING = YES;
				CLANG_WARN_BOOL_CONVERSION = YES;
				CLANG_WARN_COMMA = YES;
				CLANG_WARN_CONSTANT_CONVERSION = YES;
				CLANG_WARN_DEPRECATED_OBJC_IMPLEMENTATIONS = YES;
				CLANG_WARN_DIRECT_OBJC_ISA_USAGE = YES_ERROR;
				CLANG_WARN_DOCUMENTATION_COMMENTS = YES;
				CLANG_WARN_EMPTY_BODY = YES;
				CLANG_WARN_ENUM_CONVERSION = YES;
				CLANG_WARN_INFINITE_RECURSION = YES;
				CLANG_WARN_INT_CONVERSION = YES;
				CLANG_WARN_NON_LITERAL_NULL_CONVERSION = YES;
				CLANG_WARN_OBJC_IMPLICIT_RETAIN_SELF = YES;
				CLANG_WARN_OBJC_LITERAL_CONVERSION = YES;
				CLANG_WARN_OBJC_ROOT_CLASS = YES_ERROR;
				CLANG_WARN_QUOTED_INCLUDE_IN_FRAMEWORK_HEADER = YES;
				CLANG_WARN_RANGE_LOOP_ANALYSIS = YES;
				CLANG_WARN_STRICT_PROTOTYPES = YES;
				CLANG_WARN_SUSPICIOUS_MOVE = YES;
				CLANG_WARN_UNGUARDED_AVAILABILITY = YES_AGGRESSIVE;
				CLANG_WARN_UNREACHABLE_CODE = YES;
				CLANG_WARN__DUPLICATE_METHOD_MATCH = YES;
				COPY_PHASE_STRIP = NO;
				DEBUG_INFORMATION_FORMAT = "dwarf-with-dsym";
				ENABLE_NS_ASSERTIONS = NO;
				ENABLE_STRICT_OBJC_MSGSEND = YES;
				GCC_C_LANGUAGE_STANDARD = gnu11;
				GCC_NO_COMMON_BLOCKS = YES;
				GCC_WARN_64_TO_32_BIT_CONVERSION = YES;
				GCC_WARN_ABOUT_RETURN_TYPE = YES_ERROR;
				GCC_WARN_UNDECLARED_SELECTOR = YES;
				GCC_WARN_UNINITIALIZED_AUTOS = YES_AGGRESSIVE;
				GCC_WARN_UNUSED_FUNCTION = YES;
				GCC_WARN_UNUSED_VARIABLE = YES;
				IPHONEOS_DEPLOYMENT_TARGET = 16.0;
				MTL_ENABLE_DEBUG_INFO = NO;
				MTL_FAST_MATH = YES;
				SDKROOT = iphoneos;
				SWIFT_COMPILATION_MODE = wholemodule;
				SWIFT_OPTIMIZATION_LEVEL = "-O";
				VALIDATE_PRODUCT = YES;
			};
			name = Release;
		};
		5DD850BF290925D900BA1DF8 /* Debug */ = {
			isa = XCBuildConfiguration;
			buildSettings = {
				ASSETCATALOG_COMPILER_APPICON_NAME = AppIcon;
				ASSETCATALOG_COMPILER_GLOBAL_ACCENT_COLOR_NAME = AccentColor;
				CODE_SIGN_STYLE = Automatic;
				CURRENT_PROJECT_VERSION = 1;
				DEVELOPMENT_ASSET_PATHS = "\"E-comerceApp/Preview Content\"";
				ENABLE_PREVIEWS = YES;
				GENERATE_INFOPLIST_FILE = YES;
				INFOPLIST_KEY_UIApplicationSceneManifest_Generation = YES;
				INFOPLIST_KEY_UIApplicationSupportsIndirectInputEvents = YES;
				INFOPLIST_KEY_UILaunchScreen_Generation = YES;
				INFOPLIST_KEY_UISupportedInterfaceOrientations_iPad = "UIInterfaceOrientationPortrait UIInterfaceOrientationPortraitUpsideDown UIInterfaceOrientationLandscapeLeft UIInterfaceOrientationLandscapeRight";
				INFOPLIST_KEY_UISupportedInterfaceOrientations_iPhone = "UIInterfaceOrientationPortrait UIInterfaceOrientationLandscapeLeft UIInterfaceOrientationLandscapeRight";
				LD_RUNPATH_SEARCH_PATHS = (
					"$(inherited)",
					"@executable_path/Frameworks",
				);
				MARKETING_VERSION = 1.0;
				PRODUCT_BUNDLE_IDENTIFIER = "com.christy.E-comerceApp";
				PRODUCT_NAME = "$(TARGET_NAME)";
				SWIFT_EMIT_LOC_STRINGS = YES;
				SWIFT_VERSION = 5.0;
				TARGETED_DEVICE_FAMILY = "1,2";
			};
			name = Debug;
		};
		5DD850C0290925D900BA1DF8 /* Release */ = {
			isa = XCBuildConfiguration;
			buildSettings = {
				ASSETCATALOG_COMPILER_APPICON_NAME = AppIcon;
				ASSETCATALOG_COMPILER_GLOBAL_ACCENT_COLOR_NAME = AccentColor;
				CODE_SIGN_STYLE = Automatic;
				CURRENT_PROJECT_VERSION = 1;
				DEVELOPMENT_ASSET_PATHS = "\"E-comerceApp/Preview Content\"";
				ENABLE_PREVIEWS = YES;
				GENERATE_INFOPLIST_FILE = YES;
				INFOPLIST_KEY_UIApplicationSceneManifest_Generation = YES;
				INFOPLIST_KEY_UIApplicationSupportsIndirectInputEvents = YES;
				INFOPLIST_KEY_UILaunchScreen_Generation = YES;
				INFOPLIST_KEY_UISupportedInterfaceOrientations_iPad = "UIInterfaceOrientationPortrait UIInterfaceOrientationPortraitUpsideDown UIInterfaceOrientationLandscapeLeft UIInterfaceOrientationLandscapeRight";
				INFOPLIST_KEY_UISupportedInterfaceOrientations_iPhone = "UIInterfaceOrientationPortrait UIInterfaceOrientationLandscapeLeft UIInterfaceOrientationLandscapeRight";
				LD_RUNPATH_SEARCH_PATHS = (
					"$(inherited)",
					"@executable_path/Frameworks",
				);
				MARKETING_VERSION = 1.0;
				PRODUCT_BUNDLE_IDENTIFIER = "com.christy.E-comerceApp";
				PRODUCT_NAME = "$(TARGET_NAME)";
				SWIFT_EMIT_LOC_STRINGS = YES;
				SWIFT_VERSION = 5.0;
				TARGETED_DEVICE_FAMILY = "1,2";
			};
			name = Release;
		};
/* End XCBuildConfiguration section */

/* Begin XCConfigurationList section */
		5DD850AB290925D800BA1DF8 /* Build configuration list for PBXProject "E-comerceApp" */ = {
			isa = XCConfigurationList;
			buildConfigurations = (
				5DD850BC290925D900BA1DF8 /* Debug */,
				5DD850BD290925D900BA1DF8 /* Release */,
			);
			defaultConfigurationIsVisible = 0;
			defaultConfigurationName = Release;
		};
		5DD850BE290925D900BA1DF8 /* Build configuration list for PBXNativeTarget "E-comerceApp" */ = {
			isa = XCConfigurationList;
			buildConfigurations = (
				5DD850BF290925D900BA1DF8 /* Debug */,
				5DD850C0290925D900BA1DF8 /* Release */,
			);
			defaultConfigurationIsVisible = 0;
			defaultConfigurationName = Release;
		};
/* End XCConfigurationList section */
	};
	rootObject = 5DD850A8290925D800BA1DF8 /* Project object */;
}
